{
  "version": 4,
  "terraform_version": "1.15.5",
  "serial": 161,
  "lineage": "7d5d20ea-36dc-0389-8701-d652306e71e8",
  "outputs": {},
  "resources": [
    {
      "mode": "data",
      "type": "aws_bedrock_foundation_model",
      "name": "titan_embeddings",
      "provider": "provider[\"registry.terraform.io/hashicorp/aws\"]",
      "instances": [
        {
          "schema_version": 0,
          "attributes": {
            "customizations_supported": [],
            "id": "amazon.titan-embed-text-v1",
            "inference_types_supported": [
              "ON_DEMAND"
            ],
            "input_modalities": [
              "TEXT"
            ],
            "model_arn": "arn:aws:bedrock:us-east-1::foundation-model/amazon.titan-embed-text-v1",
            "model_id": "amazon.titan-embed-text-v1",
            "model_name": "Titan Embeddings G1 - Text",
            "output_modalities": [
              "EMBEDDING"
            ],
            "provider_name": "Amazon",
            "region": "us-east-1",
            "response_streaming_supported": false
          },
          "sensitive_attributes": [],
          "identity_schema_version": 0
        }
      ]
    },
    {
      "mode": "managed",
      "type": "aws_bedrockagent_data_source",
      "name": "ai-reviewer_data_source",
      "provider": "provider[\"registry.terraform.io/hashicorp/aws\"]",
      "instances": [
        {
          "schema_version": 0,
          "attributes": {
            "data_deletion_policy": "DELETE",
            "data_source_configuration": [
              {
                "confluence_configuration": [],
                "s3_configuration": [
                  {
                    "bucket_arn": "arn:aws:s3:::ai-reviewer-knowledge-505342848876",
                    "bucket_owner_account_id": null,
                    "inclusion_prefixes": null
                  }
                ],
                "salesforce_configuration": [],
                "share_point_configuration": [],
                "type": "S3",
                "web_configuration": []
              }
            ],
            "data_source_id": "JOTEDREXHQ",
            "description": null,
            "id": "JOTEDREXHQ,QV0GWP1RYG",
            "knowledge_base_id": "QV0GWP1RYG",
            "name": "ai-reviewer-data-source",
            "region": "us-east-1",
            "server_side_encryption_configuration": [],
            "timeouts": null,
            "vector_ingestion_configuration": []
          },
          "sensitive_attributes": [],
          "identity_schema_version": 0,
          "dependencies": [
            "aws_bedrockagent_knowledge_base.ai_reviewer_kb",
            "aws_iam_role.knowledge_base_role",
            "aws_iam_role_policy.knowledge_base_policy",
            "aws_opensearchserverless_access_policy.kb_data_access",
            "aws_opensearchserverless_collection.knowledge_base_collection",
            "aws_opensearchserverless_security_policy.kb_encryption",
            "aws_opensearchserverless_security_policy.kb_network",
            "aws_s3_bucket.knowledge_base_bucket",
            "data.aws_bedrock_foundation_model.titan_embeddings",
            "opensearch_index.ai_reviewer_index"
          ]
        }
      ]
    },
    {
      "mode": "managed",
      "type": "aws_bedrockagent_knowledge_base",
      "name": "ai_reviewer_kb",
      "provider": "provider[\"registry.terraform.io/hashicorp/aws\"]",
      "instances": [
        {
          "schema_version": 0,
          "attributes": {
            "arn": "arn:aws:bedrock:us-east-1:505342848876:knowledge-base/QV0GWP1RYG",
            "created_at": "2026-06-15T21:02:26Z",
            "description": null,
            "failure_reasons": null,
            "id": "QV0GWP1RYG",
            "knowledge_base_configuration": [
              {
                "kendra_knowledge_base_configuration": [],
                "sql_knowledge_base_configuration": [],
                "type": "VECTOR",
                "vector_knowledge_base_configuration": [
                  {
                    "embedding_model_arn": "arn:aws:bedrock:us-east-1::foundation-model/amazon.titan-embed-text-v1",
                    "embedding_model_configuration": [],
                    "supplemental_data_storage_configuration": []
                  }
                ]
              }
            ],
            "name": "ai-reviewer-knowledge-base",
            "region": "us-east-1",
            "role_arn": "arn:aws:iam::505342848876:role/knowledge-base-role",
            "storage_configuration": [
              {
                "mongo_db_atlas_configuration": [],
                "neptune_analytics_configuration": [],
                "opensearch_managed_cluster_configuration": [],
                "opensearch_serverless_configuration": [
                  {
                    "collection_arn": "arn:aws:aoss:us-east-1:505342848876:collection/2tynumhixc8pthg9q5ve",
                    "field_mapping": [
                      {
                        "metadata_field": "metadata",
                        "text_field": "text",
                        "vector_field": "vector"
                      }
                    ],
                    "vector_index_name": "ai-reviewer-index"
                  }
                ],
                "pinecone_configuration": [],
                "rds_configuration": [],
                "redis_enterprise_cloud_configuration": [],
                "s3_vectors_configuration": [],
                "type": "OPENSEARCH_SERVERLESS"
              }
            ],
            "tags": null,
            "tags_all": {},
            "timeouts": null,
            "updated_at": "2026-06-15T21:02:26Z"
          },
          "sensitive_attributes": [],
          "identity_schema_version": 0,
          "dependencies": [
            "aws_iam_role.knowledge_base_role",
            "aws_iam_role_policy.knowledge_base_policy",
            "aws_opensearchserverless_access_policy.kb_data_access",
            "aws_opensearchserverless_collection.knowledge_base_collection",
            "aws_opensearchserverless_security_policy.kb_encryption",
            "aws_opensearchserverless_security_policy.kb_network",
            "aws_s3_bucket.knowledge_base_bucket",
            "data.aws_bedrock_foundation_model.titan_embeddings",
            "opensearch_index.ai_reviewer_index"
          ]
        }
      ]
    },
    {
      "mode": "managed",
      "type": "aws_ecr_repository",
      "name": "ai_reviewer",
      "provider": "provider[\"registry.terraform.io/hashicorp/aws\"]",
      "instances": [
        {
          "schema_version": 0,
          "attributes": {
            "arn": "arn:aws:ecr:us-east-1:505342848876:repository/terraform-ai-reviewer",
            "encryption_configuration": [
              {
                "encryption_type": "AES256",
                "kms_key": ""
              }
            ],
            "force_delete": null,
            "id": "terraform-ai-reviewer",
            "image_scanning_configuration": [
              {
                "scan_on_push": false
              }
            ],
            "image_tag_mutability": "MUTABLE",
            "image_tag_mutability_exclusion_filter": [],
            "name": "terraform-ai-reviewer",
            "region": "us-east-1",
            "registry_id": "505342848876",
            "repository_url": "505342848876.dkr.ecr.us-east-1.amazonaws.com/terraform-ai-reviewer",
            "tags": {},
            "tags_all": {},
            "timeouts": null
          },
          "sensitive_attributes": [],
          "identity_schema_version": 0,
          "identity": {
            "account_id": "",
            "name": "terraform-ai-reviewer",
            "region": "us-east-1"
          },
          "private": "eyJlMmJmYjczMC1lY2FhLTExZTYtOGY4OC0zNDM2M2JjN2M0YzAiOnsiZGVsZXRlIjoxMjAwMDAwMDAwMDAwfX0="
        }
      ]
    },
    {
      "mode": "managed",
      "type": "aws_iam_role",
      "name": "knowledge_base_role",
      "provider": "provider[\"registry.terraform.io/hashicorp/aws\"]",
      "instances": [
        {
          "schema_version": 0,
          "attributes": {
            "arn": "arn:aws:iam::505342848876:role/knowledge-base-role",
            "assume_role_policy": "{\"Statement\":[{\"Action\":\"sts:AssumeRole\",\"Effect\":\"Allow\",\"Principal\":{\"Service\":\"bedrock.amazonaws.com\"}}],\"Version\":\"2012-10-17\"}",
            "create_date": "2026-06-11T19:30:14Z",
            "description": "",
            "force_detach_policies": false,
            "id": "knowledge-base-role",
            "inline_policy": [
              {
                "name": "knowledge-base-policy",
                "policy": "{\"Version\":\"2012-10-17\",\"Statement\":[{\"Action\":[\"s3:PutObject\",\"s3:GetObject\",\"s3:ListBucket\"],\"Effect\":\"Allow\",\"Resource\":[\"arn:aws:s3:::ai-reviewer-knowledge-505342848876\",\"arn:aws:s3:::ai-reviewer-knowledge-505342848876/*\"]},{\"Action\":[\"aoss:CreateIndex\",\"aoss:DescribeIndex\",\"aoss:DeleteIndex\",\"aoss:UpdateIndex\",\"aoss:Search\",\"aoss:APIAccessALL\"],\"Effect\":\"Allow\",\"Resource\":[\"arn:aws:aoss:us-east-1:505342848876:collection/2tynumhixc8pthg9q5ve\",\"arn:aws:aoss:us-east-1:505342848876:collection/2tynumhixc8pthg9q5ve/*\"]},{\"Action\":[\"bedrock:InvokeModel\"],\"Effect\":\"Allow\",\"Resource\":[\"arn:aws:bedrock:us-east-1::foundation-model/amazon.titan-embed-text-v1\"]}]}"
              }
            ],
            "managed_policy_arns": [],
            "max_session_duration": 3600,
            "name": "knowledge-base-role",
            "name_prefix": "",
            "path": "/",
            "permissions_boundary": "",
            "tags": {},
            "tags_all": {},
            "unique_id": "AROAXLKGH55WPJ25ZF6ZL"
          },
          "sensitive_attributes": [],
          "identity_schema_version": 0,
          "identity": {
            "account_id": "",
            "name": "knowledge-base-role"
          },
          "private": "bnVsbA=="
        }
      ]
    },
    {
      "mode": "managed",
      "type": "aws_iam_role_policy",
      "name": "knowledge_base_policy",
      "provider": "provider[\"registry.terraform.io/hashicorp/aws\"]",
      "instances": [
        {
          "schema_version": 0,
          "attributes": {
            "id": "knowledge-base-role:knowledge-base-policy",
            "name": "knowledge-base-policy",
            "name_prefix": "",
            "policy": "{\"Version\":\"2012-10-17\",\"Statement\":[{\"Action\":[\"s3:PutObject\",\"s3:GetObject\",\"s3:ListBucket\"],\"Effect\":\"Allow\",\"Resource\":[\"arn:aws:s3:::ai-reviewer-knowledge-505342848876\",\"arn:aws:s3:::ai-reviewer-knowledge-505342848876/*\"]},{\"Action\":[\"aoss:CreateIndex\",\"aoss:DescribeIndex\",\"aoss:DeleteIndex\",\"aoss:UpdateIndex\",\"aoss:Search\",\"aoss:APIAccessALL\"],\"Effect\":\"Allow\",\"Resource\":[\"arn:aws:aoss:us-east-1:505342848876:collection/2tynumhixc8pthg9q5ve\",\"arn:aws:aoss:us-east-1:505342848876:collection/2tynumhixc8pthg9q5ve/*\"]},{\"Action\":[\"bedrock:InvokeModel\"],\"Effect\":\"Allow\",\"Resource\":[\"arn:aws:bedrock:us-east-1::foundation-model/amazon.titan-embed-text-v1\"]}]}",
            "role": "knowledge-base-role"
          },
          "sensitive_attributes": [],
          "identity_schema_version": 0,
          "identity": {
            "account_id": "",
            "name": "knowledge-base-policy",
            "role": "knowledge-base-role"
          },
          "private": "bnVsbA==",
          "dependencies": [
            "aws_iam_role.knowledge_base_role",
            "aws_opensearchserverless_collection.knowledge_base_collection",
            "aws_opensearchserverless_security_policy.kb_encryption",
            "aws_opensearchserverless_security_policy.kb_network",
            "aws_s3_bucket.knowledge_base_bucket",
            "data.aws_bedrock_foundation_model.titan_embeddings"
          ]
        }
      ]
    },
    {
      "mode": "managed",
      "type": "aws_opensearchserverless_access_policy",
      "name": "kb_data_access",
      "provider": "provider[\"registry.terraform.io/hashicorp/aws\"]",
      "instances": [
        {
          "schema_version": 0,
          "attributes": {
            "description": null,
            "id": "ai-reviewer-data-access",
            "name": "ai-reviewer-data-access",
            "policy": "[{\"Principal\":[\"arn:aws:iam::505342848876:role/knowledge-base-role\",\"arn:aws:iam::505342848876:root\"],\"Rules\":[{\"Permission\":[\"aoss:*\"],\"Resource\":[\"collection/knowledge-base-collection\"],\"ResourceType\":\"collection\"},{\"Permission\":[\"aoss:*\"],\"Resource\":[\"index/knowledge-base-collection/*\"],\"ResourceType\":\"index\"}]}]",
            "policy_version": "MTc4MTU0ODIzNjA4MV8y",
            "region": "us-east-1",
            "type": "data"
          },
          "sensitive_attributes": [],
          "identity_schema_version": 0,
          "identity": {
            "account_id": "",
            "name": "ai-reviewer-data-access",
            "region": "us-east-1",
            "type": "data"
          },
          "dependencies": [
            "aws_iam_role.knowledge_base_role"
          ]
        }
      ]
    },
    {
      "mode": "managed",
      "type": "aws_opensearchserverless_collection",
      "name": "knowledge_base_collection",
      "provider": "provider[\"registry.terraform.io/hashicorp/aws\"]",
      "instances": [
        {
          "schema_version": 0,
          "attributes": {
            "arn": "arn:aws:aoss:us-east-1:505342848876:collection/2tynumhixc8pthg9q5ve",
            "collection_endpoint": "https://2tynumhixc8pthg9q5ve.us-east-1.aoss.amazonaws.com",
            "collection_group_name": null,
            "dashboard_endpoint": "https://2tynumhixc8pthg9q5ve.us-east-1.aoss.amazonaws.com/_dashboards",
            "description": null,
            "encryption_config": null,
            "id": "2tynumhixc8pthg9q5ve",
            "kms_key_arn": "auto",
            "name": "knowledge-base-collection",
            "region": "us-east-1",
            "standby_replicas": "ENABLED",
            "tags": null,
            "tags_all": {},
            "timeouts": null,
            "type": "VECTORSEARCH"
          },
          "sensitive_attributes": [],
          "identity_schema_version": 0,
          "identity": {
            "account_id": "",
            "id": "2tynumhixc8pthg9q5ve",
            "region": "us-east-1"
          },
          "dependencies": [
            "aws_opensearchserverless_security_policy.kb_encryption",
            "aws_opensearchserverless_security_policy.kb_network"
          ]
        }
      ]
    },
    {
      "mode": "managed",
      "type": "aws_opensearchserverless_security_policy",
      "name": "kb_encryption",
      "provider": "provider[\"registry.terraform.io/hashicorp/aws\"]",
      "instances": [
        {
          "schema_version": 0,
          "attributes": {
            "description": null,
            "id": "ai-reviewer-encryption",
            "name": "ai-reviewer-encryption",
            "policy": "{\"AWSOwnedKey\":true,\"Rules\":[{\"Resource\":[\"collection/knowledge-base-collection\"],\"ResourceType\":\"collection\"}]}",
            "policy_version": "MTc4MTIwNjIxNDEwNF8x",
            "region": "us-east-1",
            "type": "encryption"
          },
          "sensitive_attributes": [],
          "identity_schema_version": 0,
          "identity": {
            "account_id": "",
            "name": "ai-reviewer-encryption",
            "region": "us-east-1",
            "type": "encryption"
          }
        }
      ]
    },
    {
      "mode": "managed",
      "type": "aws_opensearchserverless_security_policy",
      "name": "kb_network",
      "provider": "provider[\"registry.terraform.io/hashicorp/aws\"]",
      "instances": [
        {
          "schema_version": 0,
          "attributes": {
            "description": null,
            "id": "ai-reviewer-network",
            "name": "ai-reviewer-network",
            "policy": "[{\"AllowFromPublic\":true,\"Rules\":[{\"Resource\":[\"collection/knowledge-base-collection\"],\"ResourceType\":\"collection\"}]}]",
            "policy_version": "MTc4MTIwNjM3MTkwNV8x",
            "region": "us-east-1",
            "type": "network"
          },
          "sensitive_attributes": [],
          "identity_schema_version": 0,
          "identity": {
            "account_id": "",
            "name": "ai-reviewer-network",
            "region": "us-east-1",
            "type": "network"
          }
        }
      ]
    },
    {
      "mode": "managed",
      "type": "aws_s3_bucket",
      "name": "ai_reviewer_bucket",
      "provider": "provider[\"registry.terraform.io/hashicorp/aws\"]",
      "instances": [
        {
          "schema_version": 0,
          "attributes": {
            "acceleration_status": "",
            "acl": null,
            "arn": "arn:aws:s3:::terraform-ai-reviewer-bucket-505342848876",
            "bucket": "terraform-ai-reviewer-bucket-505342848876",
            "bucket_domain_name": "terraform-ai-reviewer-bucket-505342848876.s3.amazonaws.com",
            "bucket_namespace": "global",
            "bucket_prefix": "",
            "bucket_region": "us-east-1",
            "bucket_regional_domain_name": "terraform-ai-reviewer-bucket-505342848876.s3.us-east-1.amazonaws.com",
            "cors_rule": [],
            "force_destroy": false,
            "grant": [
              {
                "id": "39f7b2057b790df1146c87b96365eaf78ee0b188f4a79b25062122ac4b61bb5b",
                "permissions": [
                  "FULL_CONTROL"
                ],
                "type": "CanonicalUser",
                "uri": ""
              }
            ],
            "hosted_zone_id": "Z3AQBSTGFYJSTF",
            "id": "terraform-ai-reviewer-bucket-505342848876",
            "lifecycle_rule": [],
            "logging": [],
            "object_lock_configuration": [],
            "object_lock_enabled": false,
            "policy": "",
            "region": "us-east-1",
            "replication_configuration": [],
            "request_payer": "BucketOwner",
            "server_side_encryption_configuration": [
              {
                "rule": [
                  {
                    "apply_server_side_encryption_by_default": [
                      {
                        "kms_master_key_id": "",
                        "sse_algorithm": "AES256"
                      }
                    ],
                    "bucket_key_enabled": false
                  }
                ]
              }
            ],
            "tags": {
              "Name": "terraform-ai-reviewer-bucket"
            },
            "tags_all": {
              "Name": "terraform-ai-reviewer-bucket"
            },
            "timeouts": null,
            "versioning": [
              {
                "enabled": false,
                "mfa_delete": false
              }
            ],
            "website": [],
            "website_domain": null,
            "website_endpoint": null
          },
          "sensitive_attributes": [],
          "identity_schema_version": 0,
          "identity": {
            "account_id": "",
            "bucket": "terraform-ai-reviewer-bucket-505342848876",
            "region": "us-east-1"
          },
          "private": "eyJlMmJmYjczMC1lY2FhLTExZTYtOGY4OC0zNDM2M2JjN2M0YzAiOnsiY3JlYXRlIjoxMjAwMDAwMDAwMDAwLCJkZWxldGUiOjM2MDAwMDAwMDAwMDAsInJlYWQiOjEyMDAwMDAwMDAwMDAsInVwZGF0ZSI6MTIwMDAwMDAwMDAwMH19"
        }
      ]
    },
    {
      "mode": "managed",
      "type": "aws_s3_bucket",
      "name": "knowledge_base_bucket",
      "provider": "provider[\"registry.terraform.io/hashicorp/aws\"]",
      "instances": [
        {
          "schema_version": 0,
          "attributes": {
            "acceleration_status": "",
            "acl": null,
            "arn": "arn:aws:s3:::ai-reviewer-knowledge-505342848876",
            "bucket": "ai-reviewer-knowledge-505342848876",
            "bucket_domain_name": "ai-reviewer-knowledge-505342848876.s3.amazonaws.com",
            "bucket_namespace": "global",
            "bucket_prefix": "",
            "bucket_region": "us-east-1",
            "bucket_regional_domain_name": "ai-reviewer-knowledge-505342848876.s3.us-east-1.amazonaws.com",
            "cors_rule": [],
            "force_destroy": false,
            "grant": [
              {
                "id": "39f7b2057b790df1146c87b96365eaf78ee0b188f4a79b25062122ac4b61bb5b",
                "permissions": [
                  "FULL_CONTROL"
                ],
                "type": "CanonicalUser",
                "uri": ""
              }
            ],
            "hosted_zone_id": "Z3AQBSTGFYJSTF",
            "id": "ai-reviewer-knowledge-505342848876",
            "lifecycle_rule": [],
            "logging": [],
            "object_lock_configuration": [],
            "object_lock_enabled": false,
            "policy": "",
            "region": "us-east-1",
            "replication_configuration": [],
            "request_payer": "BucketOwner",
            "server_side_encryption_configuration": [
              {
                "rule": [
                  {
                    "apply_server_side_encryption_by_default": [
                      {
                        "kms_master_key_id": "",
                        "sse_algorithm": "AES256"
                      }
                    ],
                    "bucket_key_enabled": false
                  }
                ]
              }
            ],
            "tags": {
              "Environment": "dev",
              "Name": "ai-reviewer-knowledge",
              "purpose": "store-knowledge-base"
            },
            "tags_all": {
              "Environment": "dev",
              "Name": "ai-reviewer-knowledge",
              "purpose": "store-knowledge-base"
            },
            "timeouts": null,
            "versioning": [
              {
                "enabled": false,
                "mfa_delete": false
              }
            ],
            "website": [],
            "website_domain": null,
            "website_endpoint": null
          },
          "sensitive_attributes": [],
          "identity_schema_version": 0,
          "identity": {
            "account_id": "",
            "bucket": "ai-reviewer-knowledge-505342848876",
            "region": "us-east-1"
          },
          "private": "eyJlMmJmYjczMC1lY2FhLTExZTYtOGY4OC0zNDM2M2JjN2M0YzAiOnsiY3JlYXRlIjoxMjAwMDAwMDAwMDAwLCJkZWxldGUiOjM2MDAwMDAwMDAwMDAsInJlYWQiOjEyMDAwMDAwMDAwMDAsInVwZGF0ZSI6MTIwMDAwMDAwMDAwMH19"
        }
      ]
    },
    {
      "mode": "managed",
      "type": "opensearch_index",
      "name": "ai_reviewer_index",
      "provider": "provider[\"registry.terraform.io/opensearch-project/opensearch\"]",
      "instances": [
        {
          "schema_version": 0,
          "attributes": {
            "aliases": null,
            "analysis_analyzer": null,
            "analysis_char_filter": null,
            "analysis_filter": null,
            "analysis_normalizer": null,
            "analysis_tokenizer": null,
            "analyze_max_token_count": null,
            "auto_expand_replicas": null,
            "blocks_metadata": null,
            "blocks_read": null,
            "blocks_read_only": null,
            "blocks_read_only_allow_delete": null,
            "blocks_write": null,
            "codec": null,
            "default_pipeline": null,
            "force_destroy": false,
            "gc_deletes": null,
            "highlight_max_analyzed_offset": null,
            "id": "ai-reviewer-index",
            "include_type_name": null,
            "index_knn": true,
            "index_knn_algo_param_ef_search": null,
            "index_similarity_default": null,
            "indexing_slowlog_level": null,
            "indexing_slowlog_source": null,
            "indexing_slowlog_threshold_index_debug": null,
            "indexing_slowlog_threshold_index_info": null,
            "indexing_slowlog_threshold_index_trace": null,
            "indexing_slowlog_threshold_index_warn": null,
            "load_fixed_bitset_filters_eagerly": null,
            "mappings": "{\"properties\":{\"metadata\":{\"index\":false,\"type\":\"text\"},\"text\":{\"type\":\"text\"},\"vector\":{\"dimension\":1536,\"method\":{\"engine\":\"faiss\",\"name\":\"hnsw\",\"parameters\":{},\"space_type\":\"innerproduct\"},\"type\":\"knn_vector\"}}}",
            "max_docvalue_fields_search": null,
            "max_inner_result_window": null,
            "max_ngram_diff": null,
            "max_refresh_listeners": null,
            "max_regex_length": null,
            "max_rescore_window": null,
            "max_result_window": null,
            "max_script_fields": null,
            "max_shingle_diff": null,
            "max_terms_count": null,
            "name": "ai-reviewer-index",
            "number_of_replicas": "0",
            "number_of_routing_shards": null,
            "number_of_shards": "2",
            "refresh_interval": null,
            "rollover_alias": null,
            "routing_allocation_enable": null,
            "routing_partition_size": null,
            "routing_rebalance_enable": null,
            "search_idle_after": null,
            "search_slowlog_level": null,
            "search_slowlog_threshold_fetch_debug": null,
            "search_slowlog_threshold_fetch_info": null,
            "search_slowlog_threshold_fetch_trace": null,
            "search_slowlog_threshold_fetch_warn": null,
            "search_slowlog_threshold_query_debug": null,
            "search_slowlog_threshold_query_info": null,
            "search_slowlog_threshold_query_trace": null,
            "search_slowlog_threshold_query_warn": null,
            "shard_check_on_startup": null,
            "sort_field": null,
            "sort_order": null
          },
          "sensitive_attributes": [],
          "identity_schema_version": 0,
          "private": "bnVsbA==",
          "dependencies": [
            "aws_iam_role.knowledge_base_role",
            "aws_opensearchserverless_access_policy.kb_data_access",
            "aws_opensearchserverless_collection.knowledge_base_collection",
            "aws_opensearchserverless_security_policy.kb_encryption",
            "aws_opensearchserverless_security_policy.kb_network"
          ]
        }
      ]
    }
  ],
  "check_results": null
}
